// !$*UTF8*$!
{
	archiveVersion = 1;
	classes = {
	};
	objectVersion = 46;
	objects = {

/* Begin PBXBuildFile section */
		D01C651818DB721400E86F7E /* Foundation.framework in Frameworks */ = {isa = PBXBuildFile; fileRef = D01C651718DB721400E86F7E /* Foundation.framework */; };
		D01C651A18DB721400E86F7E /* CoreGraphics.framework in Frameworks */ = {isa = PBXBuildFile; fileRef = D01C651918DB721400E86F7E /* CoreGraphics.framework */; };
		D01C651C18DB721400E86F7E /* UIKit.framework in Frameworks */ = {isa = PBXBuildFile; fileRef = D01C651B18DB721400E86F7E /* UIKit.framework */; };
		D01C652218DB721400E86F7E /* InfoPlist.strings in Resources */ = {isa = PBXBuildFile; fileRef = D01C652018DB721400E86F7E /* InfoPlist.strings */; };
		D01C652418DB721400E86F7E /* main.m in Sources */ = {isa = PBXBuildFile; fileRef = D01C652318DB721400E86F7E /* main.m */; };
		D01C652818DB721400E86F7E /* AppDelegate.m in Sources */ = {isa = PBXBuildFile; fileRef = D01C652718DB721400E86F7E /* AppDelegate.m */; };
		D01C652B18DB721400E86F7E /* Main.storyboard in Resources */ = {isa = PBXBuildFile; fileRef = D01C652918DB721400E86F7E /* Main.storyboard */; };
		D01C652E18DB721400E86F7E /* ViewController.m in Sources */ = {isa = PBXBuildFile; fileRef = D01C652D18DB721400E86F7E /* ViewController.m */; };
		D01C653018DB721400E86F7E /* Images.xcassets in Resources */ = {isa = PBXBuildFile; fileRef = D01C652F18DB721400E86F7E /* Images.xcassets */; };
		D01C653718DB721400E86F7E /* XCTest.framework in Frameworks */ = {isa = PBXBuildFile; fileRef = D01C653618DB721400E86F7E /* XCTest.framework */; };
		D01C653818DB721400E86F7E /* Foundation.framework in Frameworks */ = {isa = PBXBuildFile; fileRef = D01C651718DB721400E86F7E /* Foundation.framework */; };
		D01C653918DB721400E86F7E /* UIKit.framework in Frameworks */ = {isa = PBXBuildFile; fileRef = D01C651B18DB721400E86F7E /* UIKit.framework */; };
		D01C654118DB721400E86F7E /* InfoPlist.strings in Resources */ = {isa = PBXBuildFile; fileRef = D01C653F18DB721400E86F7E /* InfoPlist.strings */; };
		D01C654318DB721400E86F7E /* BreakoutTests.m in Sources */ = {isa = PBXBuildFile; fileRef = D01C654218DB721400E86F7E /* BreakoutTests.m */; };
/* End PBXBuildFile section */

/* Begin PBXContainerItemProxy section */
		D01C653A18DB721400E86F7E /* PBXContainerItemProxy */ = {
			isa = PBXContainerItemProxy;
			containerPortal = D01C650C18DB721400E86F7E /* Project object */;
			proxyType = 1;
			remoteGlobalIDString = D01C651318DB721400E86F7E;
			remoteInfo = Breakout;
		};
/* End PBXContainerItemProxy section */

/* Begin PBXFileReference section */
		D01C651418DB721400E86F7E /* Breakout.app */ = {isa = PBXFileReference; explicitFileType = wrapper.application; includeInIndex = 0; path = Breakout.app; sourceTree = BUILT_PRODUCTS_DIR; };
		D01C651718DB721400E86F7E /* Foundation.framework */ = {isa = PBXFileReference; lastKnownFileType = wrapper.framework; name = Foundation.framework; path = System/Library/Frameworks/Foundation.framework; sourceTree = SDKROOT; };
		D01C651918DB721400E86F7E /* CoreGraphics.framework */ = {isa = PBXFileReference; lastKnownFileType = wrapper.framework; name = CoreGraphics.framework; path = System/Library/Frameworks/CoreGraphics.framework; sourceTree = SDKROOT; };
		D01C651B18DB721400E86F7E /* UIKit.framework */ = {isa = PBXFileReference; lastKnownFileType = wrapper.framework; name = UIKit.framework; path = System/Library/Frameworks/UIKit.framework; sourceTree = SDKROOT; };
		D01C651F18DB721400E86F7E /* Breakout-Info.plist */ = {isa = PBXFileReference; lastKnownFileType = text.plist.xml; path = "Breakout-Info.plist"; sourceTree = "<group>"; };
		D01C652118DB721400E86F7E /* en */ = {isa = PBXFileReference; lastKnownFileType = text.plist.strings; name = en; path = en.lproj/InfoPlist.strings; sourceTree = "<group>"; };
		D01C652318DB721400E86F7E /* main.m */ = {isa = PBXFileReference; lastKnownFileType = sourcecode.c.objc; path = main.m; sourceTree = "<group>"; };
		D01C652518DB721400E86F7E /* Breakout-Prefix.pch */ = {isa = PBXFileReference; lastKnownFileType = sourcecode.c.h; path = "Breakout-Prefix.pch"; sourceTree = "<group>"; };
		D01C652618DB721400E86F7E /* AppDelegate.h */ = {isa = PBXFileReference; lastKnownFileType = sourcecode.c.h; path = AppDelegate.h; sourceTree = "<group>"; };
		D01C652718DB721400E86F7E /* AppDelegate.m */ = {isa = PBXFileReference; lastKnownFileType = sourcecode.c.objc; path = AppDelegate.m; sourceTree = "<group>"; };
		D01C652A18DB721400E86F7E /* Base */ = {isa = PBXFileReference; lastKnownFileType = file.storyboard; name = Base; path = Base.lproj/Main.storyboard; sourceTree = "<group>"; };
		D01C652C18DB721400E86F7E /* ViewController.h */ = {isa = PBXFileReference; lastKnownFileType = sourcecode.c.h; path = ViewController.h; sourceTree = "<group>"; };
		D01C652D18DB721400E86F7E /* ViewController.m */ = {isa = PBXFileReference; lastKnownFileType = sourcecode.c.objc; path = ViewController.m; sourceTree = "<group>"; };
		D01C652F18DB721400E86F7E /* Images.xcassets */ = {isa = PBXFileReference; lastKnownFileType = folder.assetcatalog; path = Images.xcassets; sourceTree = "<group>"; };
		D01C653518DB721400E86F7E /* BreakoutTests.xctest */ = {isa = PBXFileReference; explicitFileType = wrapper.cfbundle; includeInIndex = 0; path = BreakoutTests.xctest; sourceTree = BUILT_PRODUCTS_DIR; };
		D01C653618DB721400E86F7E /* XCTest.framework */ = {isa = PBXFileReference; lastKnownFileType = wrapper.framework; name = XCTest.framework; path = Library/Frameworks/XCTest.framework; sourceTree = DEVELOPER_DIR; };
		D01C653E18DB721400E86F7E /* BreakoutTests-Info.plist */ = {isa = PBXFileReference; lastKnownFileType = text.plist.xml; path = "BreakoutTests-Info.plist"; sourceTree = "<group>"; };
		D01C654018DB721400E86F7E /* en */ = {isa = PBXFileReference; lastKnownFileType = text.plist.strings; name = en; path = en.lproj/InfoPlist.strings; sourceTree = "<group>"; };
		D01C654218DB721400E86F7E /* BreakoutTests.m */ = {isa = PBXFileReference; lastKnownFileType = sourcecode.c.objc; path = BreakoutTests.m; sourceTree = "<group>"; };
/* End PBXFileReference section */

/* Begin PBXFrameworksBuildPhase section */
		D01C651118DB721400E86F7E /* Frameworks */ = {
			isa = PBXFrameworksBuildPhase;
			buildActionMask = 2147483647;
			files = (
				D01C651A18DB721400E86F7E /* CoreGraphics.framework in Frameworks */,
				D01C651C18DB721400E86F7E /* UIKit.framework in Frameworks */,
				D01C651818DB721400E86F7E /* Foundation.framework in Frameworks */,
			);
			runOnlyForDeploymentPostprocessing = 0;
		};
		D01C653218DB721400E86F7E /* Frameworks */ = {
			isa = PBXFrameworksBuildPhase;
			buildActionMask = 2147483647;
			files = (
				D01C653718DB721400E86F7E /* XCTest.framework in Frameworks */,
				D01C653918DB721400E86F7E /* UIKit.framework in Frameworks */,
				D01C653818DB721400E86F7E /* Foundation.framework in Frameworks */,
			);
			runOnlyForDeploymentPostprocessing = 0;
		};
/* End PBXFrameworksBuildPhase section */

/* Begin PBXGroup section */
		D01C650B18DB721400E86F7E = {
			isa = PBXGroup;
			children = (
				D01C651D18DB721400E86F7E /* Breakout */,
				D01C653C18DB721400E86F7E /* BreakoutTests */,
				D01C651618DB721400E86F7E /* Frameworks */,
				D01C651518DB721400E86F7E /* Products */,
			);
			sourceTree = "<group>";
		};
		D01C651518DB721400E86F7E /* Products */ = {
			isa = PBXGroup;
			children = (
				D01C651418DB721400E86F7E /* Breakout.app */,
				D01C653518DB721400E86F7E /* BreakoutTests.xctest */,
			);
			name = Products;
			sourceTree = "<group>";
		};
		D01C651618DB721400E86F7E /* Frameworks */ = {
			isa = PBXGroup;
			children = (
				D01C651718DB721400E86F7E /* Foundation.framework */,
				D01C651918DB721400E86F7E /* CoreGraphics.framework */,
				D01C651B18DB721400E86F7E /* UIKit.framework */,
				D01C653618DB721400E86F7E /* XCTest.framework */,
			);
			name = Frameworks;
			sourceTree = "<group>";
		};
		D01C651D18DB721400E86F7E /* Breakout */ = {
			isa = PBXGroup;
			children = (
				D01C652618DB721400E86F7E /* AppDelegate.h */,
				D01C652718DB721400E86F7E /* AppDelegate.m */,
				D01C652918DB721400E86F7E /* Main.storyboard */,
				D01C652C18DB721400E86F7E /* ViewController.h */,
				D01C652D18DB721400E86F7E /* ViewController.m */,
				D01C652F18DB721400E86F7E /* Images.xcassets */,
				D01C651E18DB721400E86F7E /* Supporting Files */,
			);
			path = Breakout;
			sourceTree = "<group>";
		};
		D01C651E18DB721400E86F7E /* Supporting Files */ = {
			isa = PBXGroup;
			children = (
				D01C651F18DB721400E86F7E /* Breakout-Info.plist */,
				D01C652018DB721400E86F7E /* InfoPlist.strings */,
				D01C652318DB721400E86F7E /* main.m */,
				D01C652518DB721400E86F7E /* Breakout-Prefix.pch */,
			);
			name = "Supporting Files";
			sourceTree = "<group>";
		};
		D01C653C18DB721400E86F7E /* BreakoutTests */ = {
			isa = PBXGroup;
			children = (
				D01C654218DB721400E86F7E /* BreakoutTests.m */,
				D01C653D18DB721400E86F7E /* Supporting Files */,
			);
			path = BreakoutTests;
			sourceTree = "<group>";
		};
		D01C653D18DB721400E86F7E /* Supporting Files */ = {
			isa = PBXGroup;
			children = (
				D01C653E18DB721400E86F7E /* BreakoutTests-Info.plist */,
				D01C653F18DB721400E86F7E /* InfoPlist.strings */,
			);
			name = "Supporting Files";
			sourceTree = "<group>";
		};
/* End PBXGroup section */

/* Begin PBXNativeTarget section */
		D01C651318DB721400E86F7E /* Breakout */ = {
			isa = PBXNativeTarget;
			buildConfigurationList = D01C654618DB721400E86F7E /* Build configuration list for PBXNativeTarget "Breakout" */;
			buildPhases = (
				D01C651018DB721400E86F7E /* Sources */,
				D01C651118DB721400E86F7E /* Frameworks */,
				D01C651218DB721400E86F7E /* Resources */,
			);
			buildRules = (
			);
			dependencies = (
			);
			name = Breakout;
			productName = Breakout;
			productReference = D01C651418DB721400E86F7E /* Breakout.app */;
			productType = "com.apple.product-type.application";
		};
		D01C653418DB721400E86F7E /* BreakoutTests */ = {
			isa = PBXNativeTarget;
			buildConfigurationList = D01C654918DB721400E86F7E /* Build configuration list for PBXNativeTarget "BreakoutTests" */;
			buildPhases = (
				D01C653118DB721400E86F7E /* Sources */,
				D01C653218DB721400E86F7E /* Frameworks */,
				D01C653318DB721400E86F7E /* Resources */,
			);
			buildRules = (
			);
			dependencies = (
				D01C653B18DB721400E86F7E /* PBXTargetDependency */,
			);
			name = BreakoutTests;
			productName = BreakoutTests;
			productReference = D01C653518DB721400E86F7E /* BreakoutTests.xctest */;
			productType = "com.apple.product-type.bundle.unit-test";
		};
/* End PBXNativeTarget section */

/* Begin PBXProject section */
		D01C650C18DB721400E86F7E /* Project object */ = {
			isa = PBXProject;
			attributes = {
				LastUpgradeCheck = 0510;
				ORGANIZATIONNAME = "Marion Ano";
				TargetAttributes = {
					D01C653418DB721400E86F7E = {
						TestTargetID = D01C651318DB721400E86F7E;
					};
				};
			};
			buildConfigurationList = D01C650F18DB721400E86F7E /* Build configuration list for PBXProject "Breakout" */;
			compatibilityVersion = "Xcode 3.2";
			developmentRegion = English;
			hasScannedForEncodings = 0;
			knownRegions = (
				en,
				Base,
			);
			mainGroup = D01C650B18DB721400E86F7E;
			productRefGroup = D01C651518DB721400E86F7E /* Products */;
			projectDirPath = "";
			projectRoot = "";
			targets = (
				D01C651318DB721400E86F7E /* Breakout */,
				D01C653418DB721400E86F7E /* BreakoutTests */,
			);
		};
/* End PBXProject section */

/* Begin PBXResourcesBuildPhase section */
		D01C651218DB721400E86F7E /* Resources */ = {
			isa = PBXResourcesBuildPhase;
			buildActionMask = 2147483647;
			files = (
				D01C653018DB721400E86F7E /* Images.xcassets in Resources */,
				D01C652218DB721400E86F7E /* InfoPlist.strings in Resources */,
				D01C652B18DB721400E86F7E /* Main.storyboard in Resources */,
			);
			runOnlyForDeploymentPostprocessing = 0;
		};
		D01C653318DB721400E86F7E /* Resources */ = {
			isa = PBXResourcesBuildPhase;
			buildActionMask = 2147483647;
			files = (
				D01C654118DB721400E86F7E /* InfoPlist.strings in Resources */,
			);
			runOnlyForDeploymentPostprocessing = 0;
		};
/* End PBXResourcesBuildPhase section */

/* Begin PBXSourcesBuildPhase section */
		D01C651018DB721400E86F7E /* Sources */ = {
			isa = PBXSourcesBuildPhase;
			buildActionMask = 2147483647;
			files = (
				D01C652E18DB721400E86F7E /* ViewController.m in Sources */,
				D01C652818DB721400E86F7E /* AppDelegate.m in Sources */,
				D01C652418DB721400E86F7E /* main.m in Sources */,
			);
			runOnlyForDeploymentPostprocessing = 0;
		};
		D01C653118DB721400E86F7E /* Sources */ = {
			isa = PBXSourcesBuildPhase;
			buildActionMask = 2147483647;
			files = (
				D01C654318DB721400E86F7E /* BreakoutTests.m in Sources */,
			);
			runOnlyForDeploymentPostprocessing = 0;
		};
/* End PBXSourcesBuildPhase section */

/* Begin PBXTargetDependency section */
		D01C653B18DB721400E86F7E /* PBXTargetDependency */ = {
			isa = PBXTargetDependency;
			target = D01C651318DB721400E86F7E /* Breakout */;
			targetProxy = D01C653A18DB721400E86F7E /* PBXContainerItemProxy */;
		};
/* End PBXTargetDependency section */

/* Begin PBXVariantGroup section */
		D01C652018DB721400E86F7E /* InfoPlist.strings */ = {
			isa = PBXVariantGroup;
			children = (
				D01C652118DB721400E86F7E /* en */,
			);
			name = InfoPlist.strings;
			sourceTree = "<group>";
		};
		D01C652918DB721400E86F7E /* Main.storyboard */ = {
			isa = PBXVariantGroup;
			children = (
				D01C652A18DB721400E86F7E /* Base */,
			);
			name = Main.storyboard;
			sourceTree = "<group>";
		};
		D01C653F18DB721400E86F7E /* InfoPlist.strings */ = {
			isa = PBXVariantGroup;
			children = (
				D01C654018DB721400E86F7E /* en */,
			);
			name = InfoPlist.strings;
			sourceTree = "<group>";
		};
/* End PBXVariantGroup section */

/* Begin XCBuildConfiguration section */
		D01C654418DB721400E86F7E /* Debug */ = {
			isa = XCBuildConfiguration;
			buildSettings = {
				ALWAYS_SEARCH_USER_PATHS = NO;
				CLANG_CXX_LANGUAGE_STANDARD = "gnu++0x";
				CLANG_CXX_LIBRARY = "libc++";
				CLANG_ENABLE_MODULES = YES;
				CLANG_ENABLE_OBJC_ARC = YES;
				CLANG_WARN_BOOL_CONVERSION = YES;
				CLANG_WARN_CONSTANT_CONVERSION = YES;
				CLANG_WARN_DIRECT_OBJC_ISA_USAGE = YES_ERROR;
				CLANG_WARN_EMPTY_BODY = YES;
				CLANG_WARN_ENUM_CONVERSION = YES;
				CLANG_WARN_INT_CONVERSION = YES;
				CLANG_WARN_OBJC_ROOT_CLASS = YES_ERROR;
				CLANG_WARN__DUPLICATE_METHOD_MATCH = YES;
				"CODE_SIGN_IDENTITY[sdk=iphoneos*]" = "iPhone Developer";
				COPY_PHASE_STRIP = NO;
				GCC_C_LANGUAGE_STANDARD = gnu99;
				GCC_DYNAMIC_NO_PIC = NO;
				GCC_OPTIMIZATION_LEVEL = 0;
				GCC_PREPROCESSOR_DEFINITIONS = (
					"DEBUG=1",
					"$(inherited)",
				);
				GCC_SYMBOLS_PRIVATE_EXTERN = NO;
				GCC_WARN_64_TO_32_BIT_CONVERSION = YES;
				GCC_WARN_ABOUT_RETURN_TYPE = YES_ERROR;
				GCC_WARN_UNDECLARED_SELECTOR = YES;
				GCC_WARN_UNINITIALIZED_AUTOS = YES_AGGRESSIVE;
				GCC_WARN_UNUSED_FUNCTION = YES;
				GCC_WARN_UNUSED_VARIABLE = YES;
				IPHONEOS_DEPLOYMENT_TARGET = 7.1;
				ONLY_ACTIVE_ARCH = YES;
				SDKROOT = iphoneos;
			};
			name = Debug;
		};
		D01C654518DB721400E86F7E /* Release */ = {
			isa = XCBuildConfiguration;
			buildSettings = {
				ALWAYS_SEARCH_USER_PATHS = NO;
				CLANG_CXX_LANGUAGE_STANDARD = "gnu++0x";
				CLANG_CXX_LIBRARY = "libc++";
				CLANG_ENABLE_MODULES = YES;
				CLANG_ENABLE_OBJC_ARC = YES;
				CLANG_WARN_BOOL_CONVERSION = YES;
				CLANG_WARN_CONSTANT_CONVERSION = YES;
				CLANG_WARN_DIRECT_OBJC_ISA_USAGE = YES_ERROR;
				CLANG_WARN_EMPTY_BODY = YES;
				CLANG_WARN_ENUM_CONVERSION = YES;
				CLANG_WARN_INT_CONVERSION = YES;
				CLANG_WARN_OBJC_ROOT_CLASS = YES_ERROR;
				CLANG_WARN__DUPLICATE_METHOD_MATCH = YES;
				"CODE_SIGN_IDENTITY[sdk=iphoneos*]" = "iPhone Developer";
				COPY_PHASE_STRIP = YES;
				ENABLE_NS_ASSERTIONS = NO;
				GCC_C_LANGUAGE_STANDARD = gnu99;
				GCC_WARN_64_TO_32_BIT_CONVERSION = YES;
				GCC_WARN_ABOUT_RETURN_TYPE = YES_ERROR;
				GCC_WARN_UNDECLARED_SELECTOR = YES;
				GCC_WARN_UNINITIALIZED_AUTOS = YES_AGGRESSIVE;
				GCC_WARN_UNUSED_FUNCTION = YES;
				GCC_WARN_UNUSED_VARIABLE = YES;
				IPHONEOS_DEPLOYMENT_TARGET = 7.1;
				SDKROOT = iphoneos;
				VALIDATE_PRODUCT = YES;
			};
			name = Release;
		};
		D01C654718DB721400E86F7E /* Debug */ = {
			isa = XCBuildConfiguration;
			buildSettings = {
				ASSETCATALOG_COMPILER_APPICON_NAME = AppIcon;
				ASSETCATALOG_COMPILER_LAUNCHIMAGE_NAME = LaunchImage;
				GCC_PRECOMPILE_PREFIX_HEADER = YES;
				GCC_PREFIX_HEADER = "Breakout/Breakout-Prefix.pch";
				INFOPLIST_FILE = "Breakout/Breakout-Info.plist";
				PRODUCT_NAME = "$(TARGET_NAME)";
				WRAPPER_EXTENSION = app;
			};
			name = Debug;
		};
		D01C654818DB721400E86F7E /* Release */ = {
			isa = XCBuildConfiguration;
			buildSettings = {
				ASSETCATALOG_COMPILER_APPICON_NAME = AppIcon;
				ASSETCATALOG_COMPILER_LAUNCHIMAGE_NAME = LaunchImage;
				GCC_PRECOMPILE_PREFIX_HEADER = YES;
				GCC_PREFIX_HEADER = "Breakout/Breakout-Prefix.pch";
				INFOPLIST_FILE = "Breakout/Breakout-Info.plist";
				PRODUCT_NAME = "$(TARGET_NAME)";
				WRAPPER_EXTENSION = app;
			};
			name = Release;
		};
		D01C654A18DB721400E86F7E /* Debug */ = {
			isa = XCBuildConfiguration;
			buildSettings = {
				BUNDLE_LOADER = "$(BUILT_PRODUCTS_DIR)/Breakout.app/Breakout";
				FRAMEWORK_SEARCH_PATHS = (
					"$(SDKROOT)/Developer/Library/Frameworks",
					"$(inherited)",
					"$(DEVELOPER_FRAMEWORKS_DIR)",
				);
				GCC_PRECOMPILE_PREFIX_HEADER = YES;
				GCC_PREFIX_HEADER = "Breakout/Breakout-Prefix.pch";
				GCC_PREPROCESSOR_DEFINITIONS = (
					"DEBUG=1",
					"$(inherited)",
				);
				INFOPLIST_FILE = "BreakoutTests/BreakoutTests-Info.plist";
				PRODUCT_NAME = "$(TARGET_NAME)";
				TEST_HOST = "$(BUNDLE_LOADER)";
				WRAPPER_EXTENSION = xctest;
			};
			name = Debug;
		};
		D01C654B18DB721400E86F7E /* Release */ = {
			isa = XCBuildConfiguration;
			buildSettings = {
				BUNDLE_LOADER = "$(BUILT_PRODUCTS_DIR)/Breakout.app/Breakout";
				FRAMEWORK_SEARCH_PATHS = (
					"$(SDKROOT)/Developer/Library/Frameworks",
					"$(inherited)",
					"$(DEVELOPER_FRAMEWORKS_DIR)",
				);
				GCC_PRECOMPILE_PREFIX_HEADER = YES;
				GCC_PREFIX_HEADER = "Breakout/Breakout-Prefix.pch";
				INFOPLIST_FILE = "BreakoutTests/BreakoutTests-Info.plist";
				PRODUCT_NAME = "$(TARGET_NAME)";
				TEST_HOST = "$(BUNDLE_LOADER)";
				WRAPPER_EXTENSION = xctest;
			};
			name = Release;
		};
/* End XCBuildConfiguration section */

/* Begin XCConfigurationList section */
		D01C650F18DB721400E86F7E /* Build configuration list for PBXProject "Breakout" */ = {
			isa = XCConfigurationList;
			buildConfigurations = (
				D01C654418DB721400E86F7E /* Debug */,
				D01C654518DB721400E86F7E /* Release */,
			);
			defaultConfigurationIsVisible = 0;
			defaultConfigurationName = Release;
		};
		D01C654618DB721400E86F7E /* Build configuration list for PBXNativeTarget "Breakout" */ = {
			isa = XCConfigurationList;
			buildConfigurations = (
				D01C654718DB721400E86F7E /* Debug */,
				D01C654818DB721400E86F7E /* Release */,
			);
			defaultConfigurationIsVisible = 0;
		};
		D01C654918DB721400E86F7E /* Build configuration list for PBXNativeTarget "BreakoutTests" */ = {
			isa = XCConfigurationList;
			buildConfigurations = (
				D01C654A18DB721400E86F7E /* Debug */,
				D01C654B18DB721400E86F7E /* Release */,
			);
			defaultConfigurationIsVisible = 0;
		};
/* End XCConfigurationList section */
	};
	rootObject = D01C650C18DB721400E86F7E /* Project object */;
}
